Microsoft Visual Studio Solution File, Format Version 12.00
# Visual Studio 15
VisualStudioVersion = 15.0.27130.2010
MinimumVisualStudioVersion = 10.0.40219.1
Project("{9A19103F-16F7-4668-BE54-9A1E7A4F7556}") = "TodoApi", "TodoApi\TodoApi.csproj", "{C3A85412-0BCE-46CE-8E37-557C9F795EB9}"
EndProject
Project("{E53339B2-1760-4266-BCC7-CA923CBCF16C}") = "docker-compose", "docker-compose.dcproj", "{6FC81D4D-BB9E-40E2-B14E-570F5115CA49}"
EndProject
Project("{9A19103F-16F7-4668-BE54-9A1E7A4F7556}") = "ApplicationCore", "ApplicationCore\ApplicationCore.csproj", "{BFEF315E-254D-46DC-9729-4BBE975D918D}"
EndProject
Project("{2150E333-8FDC-42A3-9474-1A3956D46DE8}") = "src", "src", "{1AD53005-B002-415B-9CA5-7733E17FAF78}"
EndProject
Project("{2150E333-8FDC-42A3-9474-1A3956D46DE8}") = "test", "test", "{7BA92E03-8551-4C47-BCB4-6798C7F4ED86}"
EndProject
Project("{FAE04EC0-301F-11D3-BF4B-00C04F79EFBC}") = "UnitTest", "UnitTest\UnitTest.csproj", "{A0933F11-5762-4C1D-A5AF-340B5BE8B9E5}"
EndProject
Project("{FAE04EC0-301F-11D3-BF4B-00C04F79EFBC}") = "Infrastructure", "Infrastructure\Infrastructure.csproj", "{3E4462DD-EA22-4E18-B342-F05634131B81}"
EndProject
Project("{FAE04EC0-301F-11D3-BF4B-00C04F79EFBC}") = "IntegrationTests", "IntegrationTests\IntegrationTests.csproj", "{6D561D0D-89A0-42F9-88B7-9830E8202C1B}"
EndProject
Global
	GlobalSection(SolutionConfigurationPlatforms) = preSolution
		Debug|Any CPU = Debug|Any CPU
		Release|Any CPU = Release|Any CPU
	EndGlobalSection
	GlobalSection(ProjectConfigurationPlatforms) = postSolution
		{C3A85412-0BCE-46CE-8E37-557C9F795EB9}.Debug|Any CPU.ActiveCfg = Debug|Any CPU
		{C3A85412-0BCE-46CE-8E37-557C9F795EB9}.Debug|Any CPU.Build.0 = Debug|Any CPU
		{C3A85412-0BCE-46CE-8E37-557C9F795EB9}.Release|Any CPU.ActiveCfg = Release|Any CPU
		{C3A85412-0BCE-46CE-8E37-557C9F795EB9}.Release|Any CPU.Build.0 = Release|Any CPU
		{6FC81D4D-BB9E-40E2-B14E-570F5115CA49}.Debug|Any CPU.ActiveCfg = Debug|Any CPU
		{6FC81D4D-BB9E-40E2-B14E-570F5115CA49}.Debug|Any CPU.Build.0 = Debug|Any CPU
		{6FC81D4D-BB9E-40E2-B14E-570F5115CA49}.Release|Any CPU.ActiveCfg = Release|Any CPU
		{6FC81D4D-BB9E-40E2-B14E-570F5115CA49}.Release|Any CPU.Build.0 = Release|Any CPU
		{BFEF315E-254D-46DC-9729-4BBE975D918D}.Debug|Any CPU.ActiveCfg = Debug|Any CPU
		{BFEF315E-254D-46DC-9729-4BBE975D918D}.Debug|Any CPU.Build.0 = Debug|Any CPU
		{BFEF315E-254D-46DC-9729-4BBE975D918D}.Release|Any CPU.ActiveCfg = Release|Any CPU
		{BFEF315E-254D-46DC-9729-4BBE975D918D}.Release|Any CPU.Build.0 = Release|Any CPU
		{A0933F11-5762-4C1D-A5AF-340B5BE8B9E5}.Debug|Any CPU.ActiveCfg = Debug|Any CPU
		{A0933F11-5762-4C1D-A5AF-340B5BE8B9E5}.Debug|Any CPU.Build.0 = Debug|Any CPU
		{A0933F11-5762-4C1D-A5AF-340B5BE8B9E5}.Release|Any CPU.ActiveCfg = Release|Any CPU
		{A0933F11-5762-4C1D-A5AF-340B5BE8B9E5}.Release|Any CPU.Build.0 = Release|Any CPU
		{3E4462DD-EA22-4E18-B342-F05634131B81}.Debug|Any CPU.ActiveCfg = Debug|Any CPU
		{3E4462DD-EA22-4E18-B342-F05634131B81}.Debug|Any CPU.Build.0 = Debug|Any CPU
		{3E4462DD-EA22-4E18-B342-F05634131B81}.Release|Any CPU.ActiveCfg = Release|Any CPU
		{3E4462DD-EA22-4E18-B342-F05634131B81}.Release|Any CPU.Build.0 = Release|Any CPU
		{6D561D0D-89A0-42F9-88B7-9830E8202C1B}.Debug|Any CPU.ActiveCfg = Debug|Any CPU
		{6D561D0D-89A0-42F9-88B7-9830E8202C1B}.Debug|Any CPU.Build.0 = Debug|Any CPU
		{6D561D0D-89A0-42F9-88B7-9830E8202C1B}.Release|Any CPU.ActiveCfg = Release|Any CPU
		{6D561D0D-89A0-42F9-88B7-9830E8202C1B}.Release|Any CPU.Build.0 = Release|Any CPU
	EndGlobalSection
	GlobalSection(SolutionProperties) = preSolution
		HideSolutionNode = FALSE
	EndGlobalSection
	GlobalSection(NestedProjects) = preSolution
		{C3A85412-0BCE-46CE-8E37-557C9F795EB9} = {1AD53005-B002-415B-9CA5-7733E17FAF78}
		{BFEF315E-254D-46DC-9729-4BBE975D918D} = {1AD53005-B002-415B-9CA5-7733E17FAF78}
		{A0933F11-5762-4C1D-A5AF-340B5BE8B9E5} = {7BA92E03-8551-4C47-BCB4-6798C7F4ED86}
		{3E4462DD-EA22-4E18-B342-F05634131B81} = {1AD53005-B002-415B-9CA5-7733E17FAF78}
		{6D561D0D-89A0-42F9-88B7-9830E8202C1B} = {7BA92E03-8551-4C47-BCB4-6798C7F4ED86}
	EndGlobalSection
	GlobalSection(ExtensibilityGlobals) = postSolution
		SolutionGuid = {79246F99-0562-455D-9DE3-2D15CE029754}
	EndGlobalSection
EndGlobal
